{
  "name": "geolib",
  "version": "1.0.0",
  "lockfileVersion": 1,
  "requires": true,
  "dependencies": {
    "@types/jsts": {
      "version": "0.17.0",
      "resolved": "http://registry.npmjs.org/@types/jsts/-/jsts-0.17.0.tgz",
      "integrity": "sha512-HABWQ7Q33xlUniLkY8egb+vievXEkJXt2TVirBpQVGN5H+En2+ALmxoPq7ktGAat0fzI8iY1AtIFTaxjv556GA==",
      "dev": true,
      "requires": {
        "@types/openlayers": "*"
      }
    },
    "@types/node": {
      "version": "10.12.4",
      "resolved": "https://registry.npmjs.org/@types/node/-/node-10.12.4.tgz",
      "integrity": "sha512-0aFZiYCvoxyKP/Mg6PvqBb2UtWGIPf63r6rOAvRBrgyJOfanbL60yUH2U4FSpg+Yn6FW+JVYWtzn6hLTy745Fg==",
      "dev": true
    },
    "@types/openlayers": {
      "version": "4.6.12",
      "resolved": "https://registry.npmjs.org/@types/openlayers/-/openlayers-4.6.12.tgz",
      "integrity": "sha512-o1sGWwfkVbhx2dZ1L8VSOT9gu8vkPzqzoMGn4dMFS58nSYalmxTPLQs0opTko42BYn3dmghLc8C3vc8d8udZYA==",
      "dev": true
    },
    "@types/proj4": {
      "version": "2.3.4",
      "resolved": "https://registry.npmjs.org/@types/proj4/-/proj4-2.3.4.tgz",
      "integrity": "sha1-84i2AgnEy3XsIaF6S0rFWnGlhVg=",
      "dev": true
    },
    "jsts": {
      "version": "2.0.2",
      "resolved": "https://registry.npmjs.org/jsts/-/jsts-2.0.2.tgz",
      "integrity": "sha512-Vi9x6vSQtzCDEUBW9xLFh3i8GBsOI16K+jjq9JECFAgEBpNAXnwptxrFUGeHrkkzr85WT51fUR9tYhMEuykc8Q=="
    },
    "mgrs": {
      "version": "1.0.0",
      "resolved": "https://registry.npmjs.org/mgrs/-/mgrs-1.0.0.tgz",
      "integrity": "sha1-+5FYjnjJACVnI5XLQLJffNatGCk="
    },
    "proj4": {
      "version": "2.5.0",
      "resolved": "https://registry.npmjs.org/proj4/-/proj4-2.5.0.tgz",
      "integrity": "sha512-XZTRT7OPdLzgvtTqL8DG2cEj8lYdovztOwiwpwRSYayOty5Ipf3H68dh/fiL+HKDEyetmQSMhkkMGiJoyziz3w==",
      "requires": {
        "mgrs": "1.0.0",
        "wkt-parser": "^1.2.0"
      }
    },
    "text-encoding": {
      "version": "0.7.0",
      "resolved": "https://registry.npmjs.org/text-encoding/-/text-encoding-0.7.0.tgz",
      "integrity": "sha512-oJQ3f1hrOnbRLOcwKz0Liq2IcrvDeZRHXhd9RgLrsT+DjWY/nty1Hi7v3dtkaEYbPYe0mUoOfzRrMwfXXwgPUA=="
    },
    "wkt-parser": {
      "version": "1.2.3",
      "resolved": "https://registry.npmjs.org/wkt-parser/-/wkt-parser-1.2.3.tgz",
      "integrity": "sha512-s7zrOedGuHbbzMaQOuf8HacuCYp3LmmrHjkkN//7UEAzsYz7xJ6J+j/84ZWZkQcrRqi3xXyuc4odPHj7PEB0bw=="
    }
  }
}
